
Microsoft Visual Studio Solution File, Format Version 12.00
# Visual Studio Version 16
VisualStudioVersion = 16.0.31105.61
MinimumVisualStudioVersion = 10.0.40219.1
Project("{FAE04EC0-301F-11D3-BF4B-00C04F79EFBC}") = "powder", "powder\powder.csproj", "{A3F2A739-6FD9-4ED3-A53E-3E1AF89BE8DE}"
EndProject
Global
	GlobalSection(SolutionConfigurationPlatforms) = preSolution
		Debug|Any CPU = Debug|Any CPU
		Release|Any CPU = Release|Any CPU
	EndGlobalSection
	GlobalSection(ProjectConfigurationPlatforms) = postSolution
		{A3F2A739-6FD9-4ED3-A53E-3E1AF89BE8DE}.Debug|Any CPU.ActiveCfg = Debug|Any CPU
		{A3F2A739-6FD9-4ED3-A53E-3E1AF89BE8DE}.Debug|Any CPU.Build.0 = Debug|Any CPU
		{A3F2A739-6FD9-4ED3-A53E-3E1AF89BE8DE}.Release|Any CPU.ActiveCfg = Release|Any CPU
		{A3F2A739-6FD9-4ED3-A53E-3E1AF89BE8DE}.Release|Any CPU.Build.0 = Release|Any CPU
	EndGlobalSection
	GlobalSection(SolutionProperties) = preSolution
		HideSolutionNode = FALSE
	EndGlobalSection
	GlobalSection(ExtensibilityGlobals) = postSolution
		SolutionGuid = {79BADD92-2ED1-40D6-A7AB-9D9302130247}
	EndGlobalSection
EndGlobal
